<?xml version="1.0" encoding="utf-8"?>
<Project ToolsVersion="4.0" xmlns="http://schemas.microsoft.com/developer/msbuild/2003">
  <ItemGroup>
    <Filter Include="source">
      <UniqueIdentifier>{4FC737F1-C7A5-4376-A066-2A32D752A2FF}</UniqueIdentifier>
      <Extensions>cpp;c;cc;cxx;def;odl;idl;hpj;bat;asm;asmx</Extensions>
    </Filter>
    <Filter Include="include">
      <UniqueIdentifier>{6f9529dc-fbd2-43ef-9fd6-990b6d63be62}</UniqueIdentifier>
    </Filter>
    <Filter Include="include\sparky">
      <UniqueIdentifier>{0c7a2b32-8221-454a-9037-86bb17e7cf1e}</UniqueIdentifier>
    </Filter>
  </ItemGroup>
  <ItemGroup>
    <ClInclude Include="source\command_list.h">
      <Filter>source</Filter>
    </ClInclude>
    <ClInclude Include="source\command_list_impl.h">
      <Filter>source</Filter>
    </ClInclude>
    <ClInclude Include="source\constant_buffer.h">
      <Filter>source</Filter>
    </ClInclude>
    <ClInclude Include="source\constant_buffer_impl.h">
      <Filter>source</Filter>
    </ClInclude>
    <ClInclude Include="source\d3dx12.h">
      <Filter>source</Filter>
    </ClInclude>
    <ClInclude Include="source\debug_gui.h">
      <Filter>source</Filter>
    </ClInclude>
    <ClInclude Include="source\debug_gui_impl.h">
      <Filter>source</Filter>
    </ClInclude>
    <ClInclude Include="source\descriptor.h">
      <Filter>source</Filter>
    </ClInclude>
    <ClInclude Include="source\descriptor_impl.h">
      <Filter>source</Filter>
    </ClInclude>
    <ClInclude Include="source\file_watch.h">
      <Filter>source</Filter>
    </ClInclude>
    <ClInclude Include="source\frame_graph.h">
      <Filter>source</Filter>
    </ClInclude>
    <ClInclude Include="source\handle.h">
      <Filter>source</Filter>
    </ClInclude>
    <ClInclude Include="source\math.h">
      <Filter>source</Filter>
    </ClInclude>
    <ClInclude Include="source\pipeline.h">
      <Filter>source</Filter>
    </ClInclude>
    <ClInclude Include="source\pipeline_impl.h">
      <Filter>source</Filter>
    </ClInclude>
    <ClInclude Include="source\shader.h">
      <Filter>source</Filter>
    </ClInclude>
    <ClInclude Include="source\shader_impl.h">
      <Filter>source</Filter>
    </ClInclude>
    <ClInclude Include="source\texture.h">
      <Filter>source</Filter>
    </ClInclude>
    <ClInclude Include="source\texture_impl.h">
      <Filter>source</Filter>
    </ClInclude>
    <ClInclude Include="source\vertex_buffer.h">
      <Filter>source</Filter>
    </ClInclude>
    <ClInclude Include="source\vertex_buffer_impl.h">
      <Filter>source</Filter>
    </ClInclude>
    <ClInclude Include="source\window.h">
      <Filter>source</Filter>
    </ClInclude>
    <ClInclude Include="include\sparky\sparky.h">
      <Filter>include\sparky</Filter>
    </ClInclude>
    <ClInclude Include="source\sparky.h">
      <Filter>source</Filter>
    </ClInclude>
  </ItemGroup>
</Project>